
Microsoft Visual Studio Solution File, Format Version 12.00
# Visual Studio Version 16
VisualStudioVersion = 16.0.29806.167
MinimumVisualStudioVersion = 10.0.40219.1
Project("{FAE04EC0-301F-11D3-BF4B-00C04F79EFBC}") = "MassTransit.Sandbox", "MassTransit.Sandbox\MassTransit.Sandbox.csproj", "{8A46BE1C-B6EA-4703-B0AE-4F7ECEB6BE3C}"
EndProject
Project("{FAE04EC0-301F-11D3-BF4B-00C04F79EFBC}") = "MassTransit.Sandbox.ErrorHandling", "MassTransit.Sandbox.ErrorHandling\MassTransit.Sandbox.ErrorHandling.csproj", "{E0263541-DFCC-4777-8260-C1CC0AA6EF4B}"
EndProject
Project("{FAE04EC0-301F-11D3-BF4B-00C04F79EFBC}") = "MassTransit.Sandbox.Audit", "MassTransit.Sandbox.Audit\MassTransit.Sandbox.Audit.csproj", "{803686C6-6BEB-41D7-827B-687F36718799}"
EndProject
Project("{FAE04EC0-301F-11D3-BF4B-00C04F79EFBC}") = "MassTransit.Sandbox.Scheduling", "MassTransit.Sandbox.Scheduling\MassTransit.Sandbox.Scheduling.csproj", "{0886BBA2-4A1D-4D3D-A279-1162DED2DD5E}"
EndProject
Project("{2150E333-8FDC-42A3-9474-1A3956D46DE8}") = "Solution Items", "Solution Items", "{26A4E333-EE1A-44CF-B0FF-78293FCF450C}"
	ProjectSection(SolutionItems) = preProject
		README.md = README.md
	EndProjectSection
EndProject
Project("{FAE04EC0-301F-11D3-BF4B-00C04F79EFBC}") = "MassTransit.Sandbox.CorrelatingMessages", "MassTransit.Sandbox.CorrelatingMessages\MassTransit.Sandbox.CorrelatingMessages.csproj", "{31A4D3A4-D07B-43A4-AACD-991452ADDCED}"
EndProject
Project("{FAE04EC0-301F-11D3-BF4B-00C04F79EFBC}") = "MassTransit.Sandbox.Middleware", "MassTransit.Sandbox.Middleware\MassTransit.Sandbox.Middleware.csproj", "{1FEC3FDB-23C3-49A8-8D65-8B096B32144F}"
EndProject
Project("{FAE04EC0-301F-11D3-BF4B-00C04F79EFBC}") = "MassTransit.Sandbox.RequestResponse", "MassTransit.Sandbox.RequestResponse\MassTransit.Sandbox.RequestResponse.csproj", "{E57F6CE8-CE09-41E6-A0A1-D7E2A4A0E707}"
EndProject
Project("{FAE04EC0-301F-11D3-BF4B-00C04F79EFBC}") = "MassTransit.Sandbox.Serializer", "MassTransit.Sandbox.Serializer\MassTransit.Sandbox.Serializer.csproj", "{E64262BE-4CE4-477D-AE51-85D76D214EA8}"
EndProject
Global
	GlobalSection(SolutionConfigurationPlatforms) = preSolution
		Debug|Any CPU = Debug|Any CPU
		Release|Any CPU = Release|Any CPU
	EndGlobalSection
	GlobalSection(ProjectConfigurationPlatforms) = postSolution
		{8A46BE1C-B6EA-4703-B0AE-4F7ECEB6BE3C}.Debug|Any CPU.ActiveCfg = Debug|Any CPU
		{8A46BE1C-B6EA-4703-B0AE-4F7ECEB6BE3C}.Debug|Any CPU.Build.0 = Debug|Any CPU
		{8A46BE1C-B6EA-4703-B0AE-4F7ECEB6BE3C}.Release|Any CPU.ActiveCfg = Release|Any CPU
		{8A46BE1C-B6EA-4703-B0AE-4F7ECEB6BE3C}.Release|Any CPU.Build.0 = Release|Any CPU
		{E0263541-DFCC-4777-8260-C1CC0AA6EF4B}.Debug|Any CPU.ActiveCfg = Debug|Any CPU
		{E0263541-DFCC-4777-8260-C1CC0AA6EF4B}.Debug|Any CPU.Build.0 = Debug|Any CPU
		{E0263541-DFCC-4777-8260-C1CC0AA6EF4B}.Release|Any CPU.ActiveCfg = Release|Any CPU
		{E0263541-DFCC-4777-8260-C1CC0AA6EF4B}.Release|Any CPU.Build.0 = Release|Any CPU
		{803686C6-6BEB-41D7-827B-687F36718799}.Debug|Any CPU.ActiveCfg = Debug|Any CPU
		{803686C6-6BEB-41D7-827B-687F36718799}.Debug|Any CPU.Build.0 = Debug|Any CPU
		{803686C6-6BEB-41D7-827B-687F36718799}.Release|Any CPU.ActiveCfg = Release|Any CPU
		{803686C6-6BEB-41D7-827B-687F36718799}.Release|Any CPU.Build.0 = Release|Any CPU
		{0886BBA2-4A1D-4D3D-A279-1162DED2DD5E}.Debug|Any CPU.ActiveCfg = Debug|Any CPU
		{0886BBA2-4A1D-4D3D-A279-1162DED2DD5E}.Debug|Any CPU.Build.0 = Debug|Any CPU
		{0886BBA2-4A1D-4D3D-A279-1162DED2DD5E}.Release|Any CPU.ActiveCfg = Release|Any CPU
		{0886BBA2-4A1D-4D3D-A279-1162DED2DD5E}.Release|Any CPU.Build.0 = Release|Any CPU
		{31A4D3A4-D07B-43A4-AACD-991452ADDCED}.Debug|Any CPU.ActiveCfg = Debug|Any CPU
		{31A4D3A4-D07B-43A4-AACD-991452ADDCED}.Debug|Any CPU.Build.0 = Debug|Any CPU
		{31A4D3A4-D07B-43A4-AACD-991452ADDCED}.Release|Any CPU.ActiveCfg = Release|Any CPU
		{31A4D3A4-D07B-43A4-AACD-991452ADDCED}.Release|Any CPU.Build.0 = Release|Any CPU
		{1FEC3FDB-23C3-49A8-8D65-8B096B32144F}.Debug|Any CPU.ActiveCfg = Debug|Any CPU
		{1FEC3FDB-23C3-49A8-8D65-8B096B32144F}.Debug|Any CPU.Build.0 = Debug|Any CPU
		{1FEC3FDB-23C3-49A8-8D65-8B096B32144F}.Release|Any CPU.ActiveCfg = Release|Any CPU
		{1FEC3FDB-23C3-49A8-8D65-8B096B32144F}.Release|Any CPU.Build.0 = Release|Any CPU
		{E57F6CE8-CE09-41E6-A0A1-D7E2A4A0E707}.Debug|Any CPU.ActiveCfg = Debug|Any CPU
		{E57F6CE8-CE09-41E6-A0A1-D7E2A4A0E707}.Debug|Any CPU.Build.0 = Debug|Any CPU
		{E57F6CE8-CE09-41E6-A0A1-D7E2A4A0E707}.Release|Any CPU.ActiveCfg = Release|Any CPU
		{E57F6CE8-CE09-41E6-A0A1-D7E2A4A0E707}.Release|Any CPU.Build.0 = Release|Any CPU
		{E64262BE-4CE4-477D-AE51-85D76D214EA8}.Debug|Any CPU.ActiveCfg = Debug|Any CPU
		{E64262BE-4CE4-477D-AE51-85D76D214EA8}.Debug|Any CPU.Build.0 = Debug|Any CPU
		{E64262BE-4CE4-477D-AE51-85D76D214EA8}.Release|Any CPU.ActiveCfg = Release|Any CPU
		{E64262BE-4CE4-477D-AE51-85D76D214EA8}.Release|Any CPU.Build.0 = Release|Any CPU
	EndGlobalSection
	GlobalSection(SolutionProperties) = preSolution
		HideSolutionNode = FALSE
	EndGlobalSection
	GlobalSection(ExtensibilityGlobals) = postSolution
		SolutionGuid = {089EE7D2-D447-4FC8-8F31-106F69D03342}
	EndGlobalSection
EndGlobal
